
Microsoft Visual Studio Solution File, Format Version 12.00
# Visual Studio Version 17
VisualStudioVersion = 17.5.002.0
MinimumVisualStudioVersion = 10.0.40219.1
Project("{9A19103F-16F7-4668-BE54-9A1E7A4F7556}") = "WeTube", "WeTube.csproj", "{66BE77D2-8A3F-4AC0-ACF8-4EFA6E6B71D5}"
EndProject
Global
	GlobalSection(SolutionConfigurationPlatforms) = preSolution
		Debug|Any CPU = Debug|Any CPU
		Release|Any CPU = Release|Any CPU
	EndGlobalSection
	GlobalSection(ProjectConfigurationPlatforms) = postSolution
		{66BE77D2-8A3F-4AC0-ACF8-4EFA6E6B71D5}.Debug|Any CPU.ActiveCfg = Debug|Any CPU
		{66BE77D2-8A3F-4AC0-ACF8-4EFA6E6B71D5}.Debug|Any CPU.Build.0 = Debug|Any CPU
		{66BE77D2-8A3F-4AC0-ACF8-4EFA6E6B71D5}.Release|Any CPU.ActiveCfg = Release|Any CPU
		{66BE77D2-8A3F-4AC0-ACF8-4EFA6E6B71D5}.Release|Any CPU.Build.0 = Release|Any CPU
	EndGlobalSection
	GlobalSection(SolutionProperties) = preSolution
		HideSolutionNode = FALSE
	EndGlobalSection
	GlobalSection(ExtensibilityGlobals) = postSolution
		SolutionGuid = {9B7C5693-B33D-42CF-A23F-F94277029A0B}
	EndGlobalSection
EndGlobal
